// !$*UTF8*$!
{
	archiveVersion = 1;
	classes = {
	};
	objectVersion = 51;
	objects = {

/* Begin PBXBuildFile section */
		535EBFD8225DBB0900AF943D /* Main.storyboard in Resources */ = {isa = PBXBuildFile; fileRef = 535EBFC4225DBB0800AF943D /* Main.storyboard */; };
		535EBFD9225DBB0900AF943D /* PhotoDetail.swift in Sources */ = {isa = PBXBuildFile; fileRef = 535EBFC6225DBB0800AF943D /* PhotoDetail.swift */; };
		535EBFDA225DBB0900AF943D /* TransparentView.swift in Sources */ = {isa = PBXBuildFile; fileRef = 535EBFC7225DBB0800AF943D /* TransparentView.swift */; };
		535EBFDB225DBB0900AF943D /* PhotoGrid.swift in Sources */ = {isa = PBXBuildFile; fileRef = 535EBFC8225DBB0800AF943D /* PhotoGrid.swift */; };
		535EBFDC225DBB0900AF943D /* ViewController.swift in Sources */ = {isa = PBXBuildFile; fileRef = 535EBFC9225DBB0800AF943D /* ViewController.swift */; };
		535EBFDD225DBB0900AF943D /* Assets.xcassets in Resources */ = {isa = PBXBuildFile; fileRef = 535EBFCA225DBB0800AF943D /* Assets.xcassets */; };
		535EBFDF225DBB0900AF943D /* LoadedPhoto.swift in Sources */ = {isa = PBXBuildFile; fileRef = 535EBFCD225DBB0800AF943D /* LoadedPhoto.swift */; };
		535EBFE0225DBB0900AF943D /* LaunchScreen.storyboard in Resources */ = {isa = PBXBuildFile; fileRef = 535EBFCF225DBB0800AF943D /* LaunchScreen.storyboard */; };
		535EBFE3225DBB0900AF943D /* AppDelegate.swift in Sources */ = {isa = PBXBuildFile; fileRef = 535EBFD4225DBB0900AF943D /* AppDelegate.swift */; };
		535EBFE4225DBB0900AF943D /* PhotoGridEnums.swift in Sources */ = {isa = PBXBuildFile; fileRef = 535EBFD5225DBB0900AF943D /* PhotoGridEnums.swift */; };
		535EBFE5225DBB0900AF943D /* DisplayRotation.swift in Sources */ = {isa = PBXBuildFile; fileRef = 535EBFD6225DBB0900AF943D /* DisplayRotation.swift */; };
		535EBFE6225DBB0900AF943D /* ArrayExtensions.swift in Sources */ = {isa = PBXBuildFile; fileRef = 535EBFD7225DBB0900AF943D /* ArrayExtensions.swift */; };
		CC96C07F7A49EBF8C20B61B1 /* Pods_Carmen_Grid.framework in Frameworks */ = {isa = PBXBuildFile; fileRef = A3545D38AE5FE8F6864878EB /* Pods_Carmen_Grid.framework */; };
/* End PBXBuildFile section */

/* Begin PBXFileReference section */
		02652932724BF8B520128254 /* Pods-Carmen Grid.debug.xcconfig */ = {isa = PBXFileReference; includeInIndex = 1; lastKnownFileType = text.xcconfig; name = "Pods-Carmen Grid.debug.xcconfig"; path = "Target Support Files/Pods-Carmen Grid/Pods-Carmen Grid.debug.xcconfig"; sourceTree = "<group>"; };
		535EBFC5225DBB0800AF943D /* Base */ = {isa = PBXFileReference; lastKnownFileType = file.storyboard; name = Base; path = Base.lproj/Main.storyboard; sourceTree = "<group>"; };
		535EBFC6225DBB0800AF943D /* PhotoDetail.swift */ = {isa = PBXFileReference; fileEncoding = 4; lastKnownFileType = sourcecode.swift; path = PhotoDetail.swift; sourceTree = "<group>"; };
		535EBFC7225DBB0800AF943D /* TransparentView.swift */ = {isa = PBXFileReference; fileEncoding = 4; lastKnownFileType = sourcecode.swift; path = TransparentView.swift; sourceTree = "<group>"; };
		535EBFC8225DBB0800AF943D /* PhotoGrid.swift */ = {isa = PBXFileReference; fileEncoding = 4; lastKnownFileType = sourcecode.swift; path = PhotoGrid.swift; sourceTree = "<group>"; };
		535EBFC9225DBB0800AF943D /* ViewController.swift */ = {isa = PBXFileReference; fileEncoding = 4; lastKnownFileType = sourcecode.swift; path = ViewController.swift; sourceTree = "<group>"; };
		535EBFCA225DBB0800AF943D /* Assets.xcassets */ = {isa = PBXFileReference; lastKnownFileType = folder.assetcatalog; path = Assets.xcassets; sourceTree = "<group>"; };
		535EBFCC225DBB0800AF943D /* Base */ = {isa = PBXFileReference; lastKnownFileType = file.storyboard; name = Base; path = Base.lproj/LaunchScreen.storyboard; sourceTree = "<group>"; };
		535EBFCD225DBB0800AF943D /* LoadedPhoto.swift */ = {isa = PBXFileReference; fileEncoding = 4; lastKnownFileType = sourcecode.swift; path = LoadedPhoto.swift; sourceTree = "<group>"; };
		535EBFD0225DBB0800AF943D /* Base */ = {isa = PBXFileReference; lastKnownFileType = file.storyboard; name = Base; path = LaunchScreen.storyboard; sourceTree = "<group>"; };
		535EBFD2225DBB0800AF943D /* Base */ = {isa = PBXFileReference; lastKnownFileType = file.storyboard; name = Base; path = Main.storyboard; sourceTree = "<group>"; };
		535EBFD3225DBB0900AF943D /* Info.plist */ = {isa = PBXFileReference; fileEncoding = 4; lastKnownFileType = text.plist.xml; path = Info.plist; sourceTree = "<group>"; };
		535EBFD4225DBB0900AF943D /* AppDelegate.swift */ = {isa = PBXFileReference; fileEncoding = 4; lastKnownFileType = sourcecode.swift; path = AppDelegate.swift; sourceTree = "<group>"; };
		535EBFD5225DBB0900AF943D /* PhotoGridEnums.swift */ = {isa = PBXFileReference; fileEncoding = 4; lastKnownFileType = sourcecode.swift; path = PhotoGridEnums.swift; sourceTree = "<group>"; };
		535EBFD6225DBB0900AF943D /* DisplayRotation.swift */ = {isa = PBXFileReference; fileEncoding = 4; lastKnownFileType = sourcecode.swift; path = DisplayRotation.swift; sourceTree = "<group>"; };
		535EBFD7225DBB0900AF943D /* ArrayExtensions.swift */ = {isa = PBXFileReference; fileEncoding = 4; lastKnownFileType = sourcecode.swift; path = ArrayExtensions.swift; sourceTree = "<group>"; };
		53DD3272224AE46500676BBE /* Carmen Grid.app */ = {isa = PBXFileReference; explicitFileType = wrapper.application; includeInIndex = 0; path = "Carmen Grid.app"; sourceTree = BUILT_PRODUCTS_DIR; };
		A3545D38AE5FE8F6864878EB /* Pods_Carmen_Grid.framework */ = {isa = PBXFileReference; explicitFileType = wrapper.framework; includeInIndex = 0; path = Pods_Carmen_Grid.framework; sourceTree = BUILT_PRODUCTS_DIR; };
		FA47A971DBD0C993A24D0C32 /* Pods-Carmen Grid.release.xcconfig */ = {isa = PBXFileReference; includeInIndex = 1; lastKnownFileType = text.xcconfig; name = "Pods-Carmen Grid.release.xcconfig"; path = "Target Support Files/Pods-Carmen Grid/Pods-Carmen Grid.release.xcconfig"; sourceTree = "<group>"; };
/* End PBXFileReference section */

/* Begin PBXFrameworksBuildPhase section */
		53DD326F224AE46500676BBE /* Frameworks */ = {
			isa = PBXFrameworksBuildPhase;
			buildActionMask = 2147483647;
			files = (
				CC96C07F7A49EBF8C20B61B1 /* Pods_Carmen_Grid.framework in Frameworks */,
			);
			runOnlyForDeploymentPostprocessing = 0;
		};
/* End PBXFrameworksBuildPhase section */

/* Begin PBXGroup section */
		535EBFAF225DBA5C00AF943D /* Carmen Grid */ = {
			isa = PBXGroup;
			children = (
				535EBFD4225DBB0900AF943D /* AppDelegate.swift */,
				535EBFD7225DBB0900AF943D /* ArrayExtensions.swift */,
				535EBFCA225DBB0800AF943D /* Assets.xcassets */,
				535EBFCE225DBB0800AF943D /* Base.lproj */,
				535EBFD6225DBB0900AF943D /* DisplayRotation.swift */,
				535EBFD3225DBB0900AF943D /* Info.plist */,
				535EBFCB225DBB0800AF943D /* LaunchScreen.storyboard */,
				535EBFCD225DBB0800AF943D /* LoadedPhoto.swift */,
				535EBFC4225DBB0800AF943D /* Main.storyboard */,
				535EBFC6225DBB0800AF943D /* PhotoDetail.swift */,
				535EBFC8225DBB0800AF943D /* PhotoGrid.swift */,
				535EBFD5225DBB0900AF943D /* PhotoGridEnums.swift */,
				535EBFC7225DBB0800AF943D /* TransparentView.swift */,
				535EBFC9225DBB0800AF943D /* ViewController.swift */,
			);
			path = "Carmen Grid";
			sourceTree = SOURCE_ROOT;
		};
		535EBFCE225DBB0800AF943D /* Base.lproj */ = {
			isa = PBXGroup;
			children = (
				535EBFCF225DBB0800AF943D /* LaunchScreen.storyboard */,
				535EBFD1225DBB0800AF943D /* Main.storyboard */,
			);
			path = Base.lproj;
			sourceTree = "<group>";
		};
		53DD3269224AE46500676BBE = {
			isa = PBXGroup;
			children = (
				535EBFAF225DBA5C00AF943D /* Carmen Grid */,
				53DD3273224AE46500676BBE /* Products */,
				A7C34C46F97159281B301C34 /* Pods */,
				7D6B331F96C6AC0C066CD8AB /* Frameworks */,
			);
			sourceTree = "<group>";
		};
		53DD3273224AE46500676BBE /* Products */ = {
			isa = PBXGroup;
			children = (
				53DD3272224AE46500676BBE /* Carmen Grid.app */,
			);
			name = Products;
			sourceTree = "<group>";
		};
		7D6B331F96C6AC0C066CD8AB /* Frameworks */ = {
			isa = PBXGroup;
			children = (
				A3545D38AE5FE8F6864878EB /* Pods_Carmen_Grid.framework */,
			);
			name = Frameworks;
			sourceTree = "<group>";
		};
		A7C34C46F97159281B301C34 /* Pods */ = {
			isa = PBXGroup;
			children = (
				02652932724BF8B520128254 /* Pods-Carmen Grid.debug.xcconfig */,
				FA47A971DBD0C993A24D0C32 /* Pods-Carmen Grid.release.xcconfig */,
			);
			path = Pods;
			sourceTree = "<group>";
		};
/* End PBXGroup section */

/* Begin PBXNativeTarget section */
		53DD3271224AE46500676BBE /* Carmen Grid */ = {
			isa = PBXNativeTarget;
			buildConfigurationList = 53DD3284224AE46C00676BBE /* Build configuration list for PBXNativeTarget "Carmen Grid" */;
			buildPhases = (
				E8CC51C439EA76E1F6150990 /* [CP] Check Pods Manifest.lock */,
				53DD326E224AE46500676BBE /* Sources */,
				53DD326F224AE46500676BBE /* Frameworks */,
				53DD3270224AE46500676BBE /* Resources */,
				996F09D852201D864AE04466 /* [CP] Embed Pods Frameworks */,
			);
			buildRules = (
			);
			dependencies = (
			);
			name = "Carmen Grid";
			productName = "Carmen Grid";
			productReference = 53DD3272224AE46500676BBE /* Carmen Grid.app */;
			productType = "com.apple.product-type.application";
		};
/* End PBXNativeTarget section */

/* Begin PBXProject section */
		53DD326A224AE46500676BBE /* Project object */ = {
			isa = PBXProject;
			attributes = {
				LastSwiftUpdateCheck = 1010;
				LastUpgradeCheck = 1020;
				ORGANIZATIONNAME = "Abbey Jackson";
				TargetAttributes = {
					53DD3271224AE46500676BBE = {
						CreatedOnToolsVersion = 10.1;
						LastSwiftMigration = 1020;
					};
				};
			};
			buildConfigurationList = 53DD326D224AE46500676BBE /* Build configuration list for PBXProject "Carmen Grid" */;
			compatibilityVersion = "Xcode 9.3";
			developmentRegion = en;
			hasScannedForEncodings = 0;
			knownRegions = (
				en,
				Base,
			);
			mainGroup = 53DD3269224AE46500676BBE;
			productRefGroup = 53DD3273224AE46500676BBE /* Products */;
			projectDirPath = "";
			projectRoot = "";
			targets = (
				53DD3271224AE46500676BBE /* Carmen Grid */,
			);
		};
/* End PBXProject section */

/* Begin PBXResourcesBuildPhase section */
		53DD3270224AE46500676BBE /* Resources */ = {
			isa = PBXResourcesBuildPhase;
			buildActionMask = 2147483647;
			files = (
				535EBFDD225DBB0900AF943D /* Assets.xcassets in Resources */,
				535EBFE0225DBB0900AF943D /* LaunchScreen.storyboard in Resources */,
				535EBFD8225DBB0900AF943D /* Main.storyboard in Resources */,
			);
			runOnlyForDeploymentPostprocessing = 0;
		};
/* End PBXResourcesBuildPhase section */

/* Begin PBXShellScriptBuildPhase section */
		996F09D852201D864AE04466 /* [CP] Embed Pods Frameworks */ = {
			isa = PBXShellScriptBuildPhase;
			buildActionMask = 2147483647;
			files = (
			);
			inputFileListPaths = (
				"${PODS_ROOT}/Target Support Files/Pods-Carmen Grid/Pods-Carmen Grid-frameworks-${CONFIGURATION}-input-files.xcfilelist",
			);
			name = "[CP] Embed Pods Frameworks";
			outputFileListPaths = (
				"${PODS_ROOT}/Target Support Files/Pods-Carmen Grid/Pods-Carmen Grid-frameworks-${CONFIGURATION}-output-files.xcfilelist",
			);
			runOnlyForDeploymentPostprocessing = 0;
			shellPath = /bin/sh;
			shellScript = "\"${PODS_ROOT}/Target Support Files/Pods-Carmen Grid/Pods-Carmen Grid-frameworks.sh\"\n";
			showEnvVarsInLog = 0;
		};
		E8CC51C439EA76E1F6150990 /* [CP] Check Pods Manifest.lock */ = {
			isa = PBXShellScriptBuildPhase;
			buildActionMask = 2147483647;
			files = (
			);
			inputFileListPaths = (
			);
			inputPaths = (
				"${PODS_PODFILE_DIR_PATH}/Podfile.lock",
				"${PODS_ROOT}/Manifest.lock",
			);
			name = "[CP] Check Pods Manifest.lock";
			outputFileListPaths = (
			);
			outputPaths = (
				"$(DERIVED_FILE_DIR)/Pods-Carmen Grid-checkManifestLockResult.txt",
			);
			runOnlyForDeploymentPostprocessing = 0;
			shellPath = /bin/sh;
			shellScript = "diff \"${PODS_PODFILE_DIR_PATH}/Podfile.lock\" \"${PODS_ROOT}/Manifest.lock\" > /dev/null\nif [ $? != 0 ] ; then\n    # print error to STDERR\n    echo \"error: The sandbox is not in sync with the Podfile.lock. Run 'pod install' or update your CocoaPods installation.\" >&2\n    exit 1\nfi\n# This output is used by Xcode 'outputs' to avoid re-running this script phase.\necho \"SUCCESS\" > \"${SCRIPT_OUTPUT_FILE_0}\"\n";
			showEnvVarsInLog = 0;
		};
/* End PBXShellScriptBuildPhase section */

/* Begin PBXSourcesBuildPhase section */
		53DD326E224AE46500676BBE /* Sources */ = {
			isa = PBXSourcesBuildPhase;
			buildActionMask = 2147483647;
			files = (
				535EBFD9225DBB0900AF943D /* PhotoDetail.swift in Sources */,
				535EBFDB225DBB0900AF943D /* PhotoGrid.swift in Sources */,
				535EBFE3225DBB0900AF943D /* AppDelegate.swift in Sources */,
				535EBFDF225DBB0900AF943D /* LoadedPhoto.swift in Sources */,
				535EBFE6225DBB0900AF943D /* ArrayExtensions.swift in Sources */,
				535EBFE4225DBB0900AF943D /* PhotoGridEnums.swift in Sources */,
				535EBFDA225DBB0900AF943D /* TransparentView.swift in Sources */,
				535EBFDC225DBB0900AF943D /* ViewController.swift in Sources */,
				535EBFE5225DBB0900AF943D /* DisplayRotation.swift in Sources */,
			);
			runOnlyForDeploymentPostprocessing = 0;
		};
/* End PBXSourcesBuildPhase section */

/* Begin PBXVariantGroup section */
		535EBFC4225DBB0800AF943D /* Main.storyboard */ = {
			isa = PBXVariantGroup;
			children = (
				535EBFC5225DBB0800AF943D /* Base */,
			);
			name = Main.storyboard;
			sourceTree = "<group>";
		};
		535EBFCB225DBB0800AF943D /* LaunchScreen.storyboard */ = {
			isa = PBXVariantGroup;
			children = (
				535EBFCC225DBB0800AF943D /* Base */,
			);
			name = LaunchScreen.storyboard;
			sourceTree = "<group>";
		};
		535EBFCF225DBB0800AF943D /* LaunchScreen.storyboard */ = {
			isa = PBXVariantGroup;
			children = (
				535EBFD0225DBB0800AF943D /* Base */,
			);
			name = LaunchScreen.storyboard;
			sourceTree = "<group>";
		};
		535EBFD1225DBB0800AF943D /* Main.storyboard */ = {
			isa = PBXVariantGroup;
			children = (
				535EBFD2225DBB0800AF943D /* Base */,
			);
			name = Main.storyboard;
			sourceTree = "<group>";
		};
/* End PBXVariantGroup section */

/* Begin XCBuildConfiguration section */
		53DD3282224AE46C00676BBE /* Debug */ = {
			isa = XCBuildConfiguration;
			buildSettings = {
				ALWAYS_SEARCH_USER_PATHS = NO;
				CLANG_ANALYZER_NONNULL = YES;
				CLANG_ANALYZER_NUMBER_OBJECT_CONVERSION = YES_AGGRESSIVE;
				CLANG_CXX_LANGUAGE_STANDARD = "gnu++14";
				CLANG_CXX_LIBRARY = "libc++";
				CLANG_ENABLE_MODULES = YES;
				CLANG_ENABLE_OBJC_ARC = YES;
				CLANG_ENABLE_OBJC_WEAK = YES;
				CLANG_WARN_BLOCK_CAPTURE_AUTORELEASING = YES;
				CLANG_WARN_BOOL_CONVERSION = YES;
				CLANG_WARN_COMMA = YES;
				CLANG_WARN_CONSTANT_CONVERSION = YES;
				CLANG_WARN_DEPRECATED_OBJC_IMPLEMENTATIONS = YES;
				CLANG_WARN_DIRECT_OBJC_ISA_USAGE = YES_ERROR;
				CLANG_WARN_DOCUMENTATION_COMMENTS = YES;
				CLANG_WARN_EMPTY_BODY = YES;
				CLANG_WARN_ENUM_CONVERSION = YES;
				CLANG_WARN_INFINITE_RECURSION = YES;
				CLANG_WARN_INT_CONVERSION = YES;
				CLANG_WARN_NON_LITERAL_NULL_CONVERSION = YES;
				CLANG_WARN_OBJC_IMPLICIT_RETAIN_SELF = YES;
				CLANG_WARN_OBJC_LITERAL_CONVERSION = YES;
				CLANG_WARN_OBJC_ROOT_CLASS = YES_ERROR;
				CLANG_WARN_RANGE_LOOP_ANALYSIS = YES;
				CLANG_WARN_STRICT_PROTOTYPES = YES;
				CLANG_WARN_SUSPICIOUS_MOVE = YES;
				CLANG_WARN_UNGUARDED_AVAILABILITY = YES_AGGRESSIVE;
				CLANG_WARN_UNREACHABLE_CODE = YES;
				CLANG_WARN__DUPLICATE_METHOD_MATCH = YES;
				CODE_SIGN_IDENTITY = "iPhone Developer";
				COPY_PHASE_STRIP = NO;
				DEBUG_INFORMATION_FORMAT = dwarf;
				ENABLE_STRICT_OBJC_MSGSEND = YES;
				ENABLE_TESTABILITY = YES;
				GCC_C_LANGUAGE_STANDARD = gnu11;
				GCC_DYNAMIC_NO_PIC = NO;
				GCC_NO_COMMON_BLOCKS = YES;
				GCC_OPTIMIZATION_LEVEL = 0;
				GCC_PREPROCESSOR_DEFINITIONS = (
					"DEBUG=1",
					"$(inherited)",
				);
				GCC_WARN_64_TO_32_BIT_CONVERSION = YES;
				GCC_WARN_ABOUT_RETURN_TYPE = YES_ERROR;
				GCC_WARN_UNDECLARED_SELECTOR = YES;
				GCC_WARN_UNINITIALIZED_AUTOS = YES_AGGRESSIVE;
				GCC_WARN_UNUSED_FUNCTION = YES;
				GCC_WARN_UNUSED_VARIABLE = YES;
				IPHONEOS_DEPLOYMENT_TARGET = 12.1;
				MTL_ENABLE_DEBUG_INFO = INCLUDE_SOURCE;
				MTL_FAST_MATH = YES;
				ONLY_ACTIVE_ARCH = YES;
				SDKROOT = iphoneos;
				SWIFT_ACTIVE_COMPILATION_CONDITIONS = DEBUG;
				SWIFT_OPTIMIZATION_LEVEL = "-Onone";
			};
			name = Debug;
		};
		53DD3283224AE46C00676BBE /* Release */ = {
			isa = XCBuildConfiguration;
			buildSettings = {
				ALWAYS_SEARCH_USER_PATHS = NO;
				CLANG_ANALYZER_NONNULL = YES;
				CLANG_ANALYZER_NUMBER_OBJECT_CONVERSION = YES_AGGRESSIVE;
				CLANG_CXX_LANGUAGE_STANDARD = "gnu++14";
				CLANG_CXX_LIBRARY = "libc++";
				CLANG_ENABLE_MODULES = YES;
				CLANG_ENABLE_OBJC_ARC = YES;
				CLANG_ENABLE_OBJC_WEAK = YES;
				CLANG_WARN_BLOCK_CAPTURE_AUTORELEASING = YES;
				CLANG_WARN_BOOL_CONVERSION = YES;
				CLANG_WARN_COMMA = YES;
				CLANG_WARN_CONSTANT_CONVERSION = YES;
				CLANG_WARN_DEPRECATED_OBJC_IMPLEMENTATIONS = YES;
				CLANG_WARN_DIRECT_OBJC_ISA_USAGE = YES_ERROR;
				CLANG_WARN_DOCUMENTATION_COMMENTS = YES;
				CLANG_WARN_EMPTY_BODY = YES;
				CLANG_WARN_ENUM_CONVERSION = YES;
				CLANG_WARN_INFINITE_RECURSION = YES;
				CLANG_WARN_INT_CONVERSION = YES;
				CLANG_WARN_NON_LITERAL_NULL_CONVERSION = YES;
				CLANG_WARN_OBJC_IMPLICIT_RETAIN_SELF = YES;
				CLANG_WARN_OBJC_LITERAL_CONVERSION = YES;
				CLANG_WARN_OBJC_ROOT_CLASS = YES_ERROR;
				CLANG_WARN_RANGE_LOOP_ANALYSIS = YES;
				CLANG_WARN_STRICT_PROTOTYPES = YES;
				CLANG_WARN_SUSPICIOUS_MOVE = YES;
				CLANG_WARN_UNGUARDED_AVAILABILITY = YES_AGGRESSIVE;
				CLANG_WARN_UNREACHABLE_CODE = YES;
				CLANG_WARN__DUPLICATE_METHOD_MATCH = YES;
				CODE_SIGN_IDENTITY = "iPhone Developer";
				COPY_PHASE_STRIP = NO;
				DEBUG_INFORMATION_FORMAT = "dwarf-with-dsym";
				ENABLE_NS_ASSERTIONS = NO;
				ENABLE_STRICT_OBJC_MSGSEND = YES;
				GCC_C_LANGUAGE_STANDARD = gnu11;
				GCC_NO_COMMON_BLOCKS = YES;
				GCC_WARN_64_TO_32_BIT_CONVERSION = YES;
				GCC_WARN_ABOUT_RETURN_TYPE = YES_ERROR;
				GCC_WARN_UNDECLARED_SELECTOR = YES;
				GCC_WARN_UNINITIALIZED_AUTOS = YES_AGGRESSIVE;
				GCC_WARN_UNUSED_FUNCTION = YES;
				GCC_WARN_UNUSED_VARIABLE = YES;
				IPHONEOS_DEPLOYMENT_TARGET = 12.1;
				MTL_ENABLE_DEBUG_INFO = NO;
				MTL_FAST_MATH = YES;
				SDKROOT = iphoneos;
				SWIFT_COMPILATION_MODE = wholemodule;
				SWIFT_OPTIMIZATION_LEVEL = "-O";
				VALIDATE_PRODUCT = YES;
			};
			name = Release;
		};
		53DD3285224AE46C00676BBE /* Debug */ = {
			isa = XCBuildConfiguration;
			baseConfigurationReference = 02652932724BF8B520128254 /* Pods-Carmen Grid.debug.xcconfig */;
			buildSettings = {
				ASSETCATALOG_COMPILER_APPICON_NAME = AppIcon;
				CLANG_ENABLE_MODULES = YES;
				CODE_SIGN_STYLE = Automatic;
				DEVELOPMENT_TEAM = 3YHZ656JF9;
				INFOPLIST_FILE = "Carmen Grid/Info.plist";
				IPHONEOS_DEPLOYMENT_TARGET = 12.0;
				LD_RUNPATH_SEARCH_PATHS = (
					"$(inherited)",
					"@executable_path/Frameworks",
				);
				PRODUCT_BUNDLE_IDENTIFIER = ca.abbeyjackson.CarmenGrid;
				PRODUCT_NAME = "$(TARGET_NAME)";
				SWIFT_OPTIMIZATION_LEVEL = "-Onone";
				SWIFT_VERSION = 4.2;
				TARGETED_DEVICE_FAMILY = 2;
			};
			name = Debug;
		};
		53DD3286224AE46C00676BBE /* Release */ = {
			isa = XCBuildConfiguration;
			baseConfigurationReference = FA47A971DBD0C993A24D0C32 /* Pods-Carmen Grid.release.xcconfig */;
			buildSettings = {
				ASSETCATALOG_COMPILER_APPICON_NAME = AppIcon;
				CLANG_ENABLE_MODULES = YES;
				CODE_SIGN_STYLE = Automatic;
				DEVELOPMENT_TEAM = 3YHZ656JF9;
				INFOPLIST_FILE = "Carmen Grid/Info.plist";
				IPHONEOS_DEPLOYMENT_TARGET = 12.0;
				LD_RUNPATH_SEARCH_PATHS = (
					"$(inherited)",
					"@executable_path/Frameworks",
				);
				PRODUCT_BUNDLE_IDENTIFIER = ca.abbeyjackson.CarmenGrid;
				PRODUCT_NAME = "$(TARGET_NAME)";
				SWIFT_VERSION = 4.2;
				TARGETED_DEVICE_FAMILY = 2;
			};
			name = Release;
		};
/* End XCBuildConfiguration section */

/* Begin XCConfigurationList section */
		53DD326D224AE46500676BBE /* Build configuration list for PBXProject "Carmen Grid" */ = {
			isa = XCConfigurationList;
			buildConfigurations = (
				53DD3282224AE46C00676BBE /* Debug */,
				53DD3283224AE46C00676BBE /* Release */,
			);
			defaultConfigurationIsVisible = 0;
			defaultConfigurationName = Release;
		};
		53DD3284224AE46C00676BBE /* Build configuration list for PBXNativeTarget "Carmen Grid" */ = {
			isa = XCConfigurationList;
			buildConfigurations = (
				53DD3285224AE46C00676BBE /* Debug */,
				53DD3286224AE46C00676BBE /* Release */,
			);
			defaultConfigurationIsVisible = 0;
			defaultConfigurationName = Release;
		};
/* End XCConfigurationList section */
	};
	rootObject = 53DD326A224AE46500676BBE /* Project object */;
}
